
Microsoft Visual Studio Solution File, Format Version 12.00
# Visual Studio 15
VisualStudioVersion = 15.0.28307.489
MinimumVisualStudioVersion = 10.0.40219.1
Project("{FAE04EC0-301F-11D3-BF4B-00C04F79EFBC}") = "DeansOfficeApp", "DeansOfficeApp\DeansOfficeApp.csproj", "{D30216B9-E874-486B-950F-2DA06721C71F}"
EndProject
Project("{FAE04EC0-301F-11D3-BF4B-00C04F79EFBC}") = "Cwiczenia3", "Cwiczenia3\Cwiczenia3.csproj", "{FB9F0CE4-1E4C-4122-9D29-AE1E66C2A15E}"
EndProject
Global
	GlobalSection(SolutionConfigurationPlatforms) = preSolution
		Debug|Any CPU = Debug|Any CPU
		Release|Any CPU = Release|Any CPU
	EndGlobalSection
	GlobalSection(ProjectConfigurationPlatforms) = postSolution
		{D30216B9-E874-486B-950F-2DA06721C71F}.Debug|Any CPU.ActiveCfg = Debug|Any CPU
		{D30216B9-E874-486B-950F-2DA06721C71F}.Debug|Any CPU.Build.0 = Debug|Any CPU
		{D30216B9-E874-486B-950F-2DA06721C71F}.Release|Any CPU.ActiveCfg = Release|Any CPU
		{D30216B9-E874-486B-950F-2DA06721C71F}.Release|Any CPU.Build.0 = Release|Any CPU
		{FB9F0CE4-1E4C-4122-9D29-AE1E66C2A15E}.Debug|Any CPU.ActiveCfg = Debug|Any CPU
		{FB9F0CE4-1E4C-4122-9D29-AE1E66C2A15E}.Debug|Any CPU.Build.0 = Debug|Any CPU
		{FB9F0CE4-1E4C-4122-9D29-AE1E66C2A15E}.Release|Any CPU.ActiveCfg = Release|Any CPU
		{FB9F0CE4-1E4C-4122-9D29-AE1E66C2A15E}.Release|Any CPU.Build.0 = Release|Any CPU
	EndGlobalSection
	GlobalSection(SolutionProperties) = preSolution
		HideSolutionNode = FALSE
	EndGlobalSection
	GlobalSection(ExtensibilityGlobals) = postSolution
		SolutionGuid = {4131DF5A-D984-42A1-8621-DABF43F42E99}
	EndGlobalSection
EndGlobal
