
Microsoft Visual Studio Solution File, Format Version 12.00
# Visual Studio 15
VisualStudioVersion = 15.0.28307.489
MinimumVisualStudioVersion = 10.0.40219.1
Project("{FAE04EC0-301F-11D3-BF4B-00C04F79EFBC}") = "EfExample", "EfExample\EfExample.csproj", "{E6C32CFA-5FFA-4282-8B5C-20D23AD1F4BE}"
EndProject
Global
	GlobalSection(SolutionConfigurationPlatforms) = preSolution
		Debug|Any CPU = Debug|Any CPU
		Release|Any CPU = Release|Any CPU
	EndGlobalSection
	GlobalSection(ProjectConfigurationPlatforms) = postSolution
		{E6C32CFA-5FFA-4282-8B5C-20D23AD1F4BE}.Debug|Any CPU.ActiveCfg = Debug|Any CPU
		{E6C32CFA-5FFA-4282-8B5C-20D23AD1F4BE}.Debug|Any CPU.Build.0 = Debug|Any CPU
		{E6C32CFA-5FFA-4282-8B5C-20D23AD1F4BE}.Release|Any CPU.ActiveCfg = Release|Any CPU
		{E6C32CFA-5FFA-4282-8B5C-20D23AD1F4BE}.Release|Any CPU.Build.0 = Release|Any CPU
	EndGlobalSection
	GlobalSection(SolutionProperties) = preSolution
		HideSolutionNode = FALSE
	EndGlobalSection
	GlobalSection(ExtensibilityGlobals) = postSolution
		SolutionGuid = {91D27EF9-455D-4955-A3CA-4605FE772B54}
	EndGlobalSection
EndGlobal
